
Microsoft Visual Studio Solution File, Format Version 12.00
# Visual Studio Version 16
VisualStudioVersion = 16.0.33801.447
MinimumVisualStudioVersion = 10.0.40219.1
Project("{8BC9CEB8-8B4A-11D0-8D11-00A0C91BC942}") = "프로그래머스", "프로그래머스\프로그래머스.vcxproj", "{472CB361-81AC-45EE-BB01-E5DAB441FE47}"
EndProject
Global
	GlobalSection(SolutionConfigurationPlatforms) = preSolution
		Debug|x64 = Debug|x64
		Debug|x86 = Debug|x86
		Release|x64 = Release|x64
		Release|x86 = Release|x86
	EndGlobalSection
	GlobalSection(ProjectConfigurationPlatforms) = postSolution
		{472CB361-81AC-45EE-BB01-E5DAB441FE47}.Debug|x64.ActiveCfg = Debug|x64
		{472CB361-81AC-45EE-BB01-E5DAB441FE47}.Debug|x64.Build.0 = Debug|x64
		{472CB361-81AC-45EE-BB01-E5DAB441FE47}.Debug|x86.ActiveCfg = Debug|Win32
		{472CB361-81AC-45EE-BB01-E5DAB441FE47}.Debug|x86.Build.0 = Debug|Win32
		{472CB361-81AC-45EE-BB01-E5DAB441FE47}.Release|x64.ActiveCfg = Release|x64
		{472CB361-81AC-45EE-BB01-E5DAB441FE47}.Release|x64.Build.0 = Release|x64
		{472CB361-81AC-45EE-BB01-E5DAB441FE47}.Release|x86.ActiveCfg = Release|Win32
		{472CB361-81AC-45EE-BB01-E5DAB441FE47}.Release|x86.Build.0 = Release|Win32
	EndGlobalSection
	GlobalSection(SolutionProperties) = preSolution
		HideSolutionNode = FALSE
	EndGlobalSection
	GlobalSection(ExtensibilityGlobals) = postSolution
		SolutionGuid = {960B3042-0D0B-4B17-BF68-7703A6A385D0}
	EndGlobalSection
EndGlobal
